<?xml version="1.0" encoding="utf-8"?>
<Project ToolsVersion="4.0" xmlns="http://schemas.microsoft.com/developer/msbuild/2003">
  <ItemGroup>
    <ClCompile Include="Main.cpp" />
    <ClCompile Include="ImGui\imgui.cpp">
      <Filter>ImGui</Filter>
    </ClCompile>
    <ClCompile Include="ImGui\imgui_demo.cpp">
      <Filter>ImGui</Filter>
    </ClCompile>
    <ClCompile Include="ImGui\imgui_draw.cpp">
      <Filter>ImGui</Filter>
    </ClCompile>
    <ClCompile Include="ImGui\imgui_impl_dx9.cpp">
      <Filter>ImGui</Filter>
    </ClCompile>
    <ClCompile Include="ImGui\imgui_widgets.cpp">
      <Filter>ImGui</Filter>
    </ClCompile>
    <ClCompile Include="ImGui\imgui_impl_win32.cpp">
      <Filter>ImGui</Filter>
    </ClCompile>
    <ClCompile Include="MD5\MD5.cpp">
      <Filter>MD5</Filter>
    </ClCompile>
    <ClCompile Include="ImGui\imgui_freetype.cpp">
      <Filter>ImGui</Filter>
    </ClCompile>
    <ClCompile Include="Antidebug.cpp">
      <Filter>Antidebug</Filter>
    </ClCompile>
  </ItemGroup>
  <ItemGroup>
    <Filter Include="ImGui">
      <UniqueIdentifier>{252b3e79-2119-4883-beb6-ae3699e5cb3a}</UniqueIdentifier>
    </Filter>
    <Filter Include="curl">
      <UniqueIdentifier>{94f7479d-61a7-4306-8704-674bfc9d1cde}</UniqueIdentifier>
    </Filter>
    <Filter Include="MD5">
      <UniqueIdentifier>{f26692cb-f0b6-4b2e-aabc-0e6e7f15a48e}</UniqueIdentifier>
    </Filter>
    <Filter Include="freetype">
      <UniqueIdentifier>{6ec26e6d-f718-4aee-b926-a6c22a9a754e}</UniqueIdentifier>
    </Filter>
    <Filter Include="Antidebug">
      <UniqueIdentifier>{31862906-22dd-4329-a67e-2fdd1d6bf0ec}</UniqueIdentifier>
    </Filter>
  </ItemGroup>
  <ItemGroup>
    <ClInclude Include="ImGui\imconfig.h">
      <Filter>ImGui</Filter>
    </ClInclude>
    <ClInclude Include="ImGui\imgui.h">
      <Filter>ImGui</Filter>
    </ClInclude>
    <ClInclude Include="ImGui\imgui_impl_dx9.h">
      <Filter>ImGui</Filter>
    </ClInclude>
    <ClInclude Include="ImGui\imgui_internal.h">
      <Filter>ImGui</Filter>
    </ClInclude>
    <ClInclude Include="ImGui\imstb_rectpack.h">
      <Filter>ImGui</Filter>
    </ClInclude>
    <ClInclude Include="ImGui\imstb_textedit.h">
      <Filter>ImGui</Filter>
    </ClInclude>
    <ClInclude Include="ImGui\imstb_truetype.h">
      <Filter>ImGui</Filter>
    </ClInclude>
    <ClInclude Include="ImGui\imgui_impl_win32.h">
      <Filter>ImGui</Filter>
    </ClInclude>
    <ClInclude Include="logo.h" />
    <ClInclude Include="curl\curl\curl.h">
      <Filter>curl</Filter>
    </ClInclude>
    <ClInclude Include="curl\curl\curlbuild.h">
      <Filter>curl</Filter>
    </ClInclude>
    <ClInclude Include="curl\curl\curlrules.h">
      <Filter>curl</Filter>
    </ClInclude>
    <ClInclude Include="curl\curl\curlver.h">
      <Filter>curl</Filter>
    </ClInclude>
    <ClInclude Include="curl\curl\easy.h">
      <Filter>curl</Filter>
    </ClInclude>
    <ClInclude Include="curl\curl\mprintf.h">
      <Filter>curl</Filter>
    </ClInclude>
    <ClInclude Include="curl\curl\multi.h">
      <Filter>curl</Filter>
    </ClInclude>
    <ClInclude Include="curl\curl\stdcheaders.h">
      <Filter>curl</Filter>
    </ClInclude>
    <ClInclude Include="curl\curl\system.h">
      <Filter>curl</Filter>
    </ClInclude>
    <ClInclude Include="curl\curl\typecheck-gcc.h">
      <Filter>curl</Filter>
    </ClInclude>
    <ClInclude Include="MD5\MD5.h">
      <Filter>MD5</Filter>
    </ClInclude>
    <ClInclude Include="Inject.h" />
    <ClInclude Include="Verdana.h" />
    <ClInclude Include="ImGui\imgui_freetype.h">
      <Filter>ImGui</Filter>
    </ClInclude>
    <ClInclude Include="freetype\freetype.h">
      <Filter>freetype</Filter>
    </ClInclude>
    <ClInclude Include="freetype\ftadvanc.h">
      <Filter>freetype</Filter>
    </ClInclude>
    <ClInclude Include="freetype\ftbbox.h">
      <Filter>freetype</Filter>
    </ClInclude>
    <ClInclude Include="freetype\ftbdf.h">
      <Filter>freetype</Filter>
    </ClInclude>
    <ClInclude Include="freetype\ftbitmap.h">
      <Filter>freetype</Filter>
    </ClInclude>
    <ClInclude Include="freetype\ftbzip2.h">
      <Filter>freetype</Filter>
    </ClInclude>
    <ClInclude Include="freetype\ftcache.h">
      <Filter>freetype</Filter>
    </ClInclude>
    <ClInclude Include="freetype\ftchapters.h">
      <Filter>freetype</Filter>
    </ClInclude>
    <ClInclude Include="freetype\ftcid.h">
      <Filter>freetype</Filter>
    </ClInclude>
    <ClInclude Include="freetype\ftcolor.h">
      <Filter>freetype</Filter>
    </ClInclude>
    <ClInclude Include="freetype\ftdriver.h">
      <Filter>freetype</Filter>
    </ClInclude>
    <ClInclude Include="freetype\fterrdef.h">
      <Filter>freetype</Filter>
    </ClInclude>
    <ClInclude Include="freetype\fterrors.h">
      <Filter>freetype</Filter>
    </ClInclude>
    <ClInclude Include="freetype\ftfntfmt.h">
      <Filter>freetype</Filter>
    </ClInclude>
    <ClInclude Include="freetype\ftgasp.h">
      <Filter>freetype</Filter>
    </ClInclude>
    <ClInclude Include="freetype\ftglyph.h">
      <Filter>freetype</Filter>
    </ClInclude>
    <ClInclude Include="freetype\ftgxval.h">
      <Filter>freetype</Filter>
    </ClInclude>
    <ClInclude Include="freetype\ftgzip.h">
      <Filter>freetype</Filter>
    </ClInclude>
    <ClInclude Include="freetype\ftimage.h">
      <Filter>freetype</Filter>
    </ClInclude>
    <ClInclude Include="freetype\ftincrem.h">
      <Filter>freetype</Filter>
    </ClInclude>
    <ClInclude Include="freetype\ftlcdfil.h">
      <Filter>freetype</Filter>
    </ClInclude>
    <ClInclude Include="freetype\ftlist.h">
      <Filter>freetype</Filter>
    </ClInclude>
    <ClInclude Include="freetype\ftlzw.h">
      <Filter>freetype</Filter>
    </ClInclude>
    <ClInclude Include="freetype\ftmac.h">
      <Filter>freetype</Filter>
    </ClInclude>
    <ClInclude Include="freetype\ftmm.h">
      <Filter>freetype</Filter>
    </ClInclude>
    <ClInclude Include="freetype\ftmodapi.h">
      <Filter>freetype</Filter>
    </ClInclude>
    <ClInclude Include="freetype\ftmoderr.h">
      <Filter>freetype</Filter>
    </ClInclude>
    <ClInclude Include="freetype\ftotval.h">
      <Filter>freetype</Filter>
    </ClInclude>
    <ClInclude Include="freetype\ftoutln.h">
      <Filter>freetype</Filter>
    </ClInclude>
    <ClInclude Include="freetype\ftparams.h">
      <Filter>freetype</Filter>
    </ClInclude>
    <ClInclude Include="freetype\ftpfr.h">
      <Filter>freetype</Filter>
    </ClInclude>
    <ClInclude Include="freetype\ftrender.h">
      <Filter>freetype</Filter>
    </ClInclude>
    <ClInclude Include="freetype\ftsizes.h">
      <Filter>freetype</Filter>
    </ClInclude>
    <ClInclude Include="freetype\ftsnames.h">
      <Filter>freetype</Filter>
    </ClInclude>
    <ClInclude Include="freetype\ftstroke.h">
      <Filter>freetype</Filter>
    </ClInclude>
    <ClInclude Include="freetype\ftsynth.h">
      <Filter>freetype</Filter>
    </ClInclude>
    <ClInclude Include="freetype\ftsystem.h">
      <Filter>freetype</Filter>
    </ClInclude>
    <ClInclude Include="freetype\fttrigon.h">
      <Filter>freetype</Filter>
    </ClInclude>
    <ClInclude Include="freetype\fttypes.h">
      <Filter>freetype</Filter>
    </ClInclude>
    <ClInclude Include="freetype\ftwinfnt.h">
      <Filter>freetype</Filter>
    </ClInclude>
    <ClInclude Include="freetype\t1tables.h">
      <Filter>freetype</Filter>
    </ClInclude>
    <ClInclude Include="freetype\ttnameid.h">
      <Filter>freetype</Filter>
    </ClInclude>
    <ClInclude Include="freetype\tttables.h">
      <Filter>freetype</Filter>
    </ClInclude>
    <ClInclude Include="freetype\tttags.h">
      <Filter>freetype</Filter>
    </ClInclude>
    <ClInclude Include="freetype\config\ftconfig.h">
      <Filter>freetype</Filter>
    </ClInclude>
    <ClInclude Include="freetype\config\ftheader.h">
      <Filter>freetype</Filter>
    </ClInclude>
    <ClInclude Include="freetype\config\ftmodule.h">
      <Filter>freetype</Filter>
    </ClInclude>
    <ClInclude Include="freetype\config\ftoption.h">
      <Filter>freetype</Filter>
    </ClInclude>
    <ClInclude Include="freetype\config\ftstdlib.h">
      <Filter>freetype</Filter>
    </ClInclude>
    <ClInclude Include="freetype\internal\autohint.h">
      <Filter>freetype</Filter>
    </ClInclude>
    <ClInclude Include="freetype\internal\cffotypes.h">
      <Filter>freetype</Filter>
    </ClInclude>
    <ClInclude Include="freetype\internal\cfftypes.h">
      <Filter>freetype</Filter>
    </ClInclude>
    <ClInclude Include="freetype\internal\ftcalc.h">
      <Filter>freetype</Filter>
    </ClInclude>
    <ClInclude Include="freetype\internal\ftdebug.h">
      <Filter>freetype</Filter>
    </ClInclude>
    <ClInclude Include="freetype\internal\ftdrv.h">
      <Filter>freetype</Filter>
    </ClInclude>
    <ClInclude Include="freetype\internal\ftgloadr.h">
      <Filter>freetype</Filter>
    </ClInclude>
    <ClInclude Include="freetype\internal\fthash.h">
      <Filter>freetype</Filter>
    </ClInclude>
    <ClInclude Include="freetype\internal\ftmemory.h">
      <Filter>freetype</Filter>
    </ClInclude>
    <ClInclude Include="freetype\internal\ftobjs.h">
      <Filter>freetype</Filter>
    </ClInclude>
    <ClInclude Include="freetype\internal\ftpsprop.h">
      <Filter>freetype</Filter>
    </ClInclude>
    <ClInclude Include="freetype\internal\ftrfork.h">
      <Filter>freetype</Filter>
    </ClInclude>
    <ClInclude Include="freetype\internal\ftserv.h">
      <Filter>freetype</Filter>
    </ClInclude>
    <ClInclude Include="freetype\internal\ftstream.h">
      <Filter>freetype</Filter>
    </ClInclude>
    <ClInclude Include="freetype\internal\fttrace.h">
      <Filter>freetype</Filter>
    </ClInclude>
    <ClInclude Include="freetype\internal\ftvalid.h">
      <Filter>freetype</Filter>
    </ClInclude>
    <ClInclude Include="freetype\internal\internal.h">
      <Filter>freetype</Filter>
    </ClInclude>
    <ClInclude Include="freetype\internal\psaux.h">
      <Filter>freetype</Filter>
    </ClInclude>
    <ClInclude Include="freetype\internal\pshints.h">
      <Filter>freetype</Filter>
    </ClInclude>
    <ClInclude Include="freetype\internal\sfnt.h">
      <Filter>freetype</Filter>
    </ClInclude>
    <ClInclude Include="freetype\internal\t1types.h">
      <Filter>freetype</Filter>
    </ClInclude>
    <ClInclude Include="freetype\internal\tttypes.h">
      <Filter>freetype</Filter>
    </ClInclude>
    <ClInclude Include="freetype\internal\wofftypes.h">
      <Filter>freetype</Filter>
    </ClInclude>
    <ClInclude Include="freetype\internal\services\svbdf.h">
      <Filter>freetype</Filter>
    </ClInclude>
    <ClInclude Include="freetype\internal\services\svcfftl.h">
      <Filter>freetype</Filter>
    </ClInclude>
    <ClInclude Include="freetype\internal\services\svcid.h">
      <Filter>freetype</Filter>
    </ClInclude>
    <ClInclude Include="freetype\internal\services\svfntfmt.h">
      <Filter>freetype</Filter>
    </ClInclude>
    <ClInclude Include="freetype\internal\services\svgldict.h">
      <Filter>freetype</Filter>
    </ClInclude>
    <ClInclude Include="freetype\internal\services\svgxval.h">
      <Filter>freetype</Filter>
    </ClInclude>
    <ClInclude Include="freetype\internal\services\svkern.h">
      <Filter>freetype</Filter>
    </ClInclude>
    <ClInclude Include="freetype\internal\services\svmetric.h">
      <Filter>freetype</Filter>
    </ClInclude>
    <ClInclude Include="freetype\internal\services\svmm.h">
      <Filter>freetype</Filter>
    </ClInclude>
    <ClInclude Include="freetype\internal\services\svotval.h">
      <Filter>freetype</Filter>
    </ClInclude>
    <ClInclude Include="freetype\internal\services\svpfr.h">
      <Filter>freetype</Filter>
    </ClInclude>
    <ClInclude Include="freetype\internal\services\svpostnm.h">
      <Filter>freetype</Filter>
    </ClInclude>
    <ClInclude Include="freetype\internal\services\svprop.h">
      <Filter>freetype</Filter>
    </ClInclude>
    <ClInclude Include="freetype\internal\services\svpscmap.h">
      <Filter>freetype</Filter>
    </ClInclude>
    <ClInclude Include="freetype\internal\services\svpsinfo.h">
      <Filter>freetype</Filter>
    </ClInclude>
    <ClInclude Include="freetype\internal\services\svsfnt.h">
      <Filter>freetype</Filter>
    </ClInclude>
    <ClInclude Include="freetype\internal\services\svttcmap.h">
      <Filter>freetype</Filter>
    </ClInclude>
    <ClInclude Include="freetype\internal\services\svtteng.h">
      <Filter>freetype</Filter>
    </ClInclude>
    <ClInclude Include="freetype\internal\services\svttglyf.h">
      <Filter>freetype</Filter>
    </ClInclude>
    <ClInclude Include="freetype\internal\services\svwinfnt.h">
      <Filter>freetype</Filter>
    </ClInclude>
    <ClInclude Include="XorComp.hpp" />
    <ClInclude Include="lazy.hpp" />
    <ClInclude Include="Antidebug.h">
      <Filter>Antidebug</Filter>
    </ClInclude>
    <ClInclude Include="freetype\ft2build.h">
      <Filter>freetype</Filter>
    </ClInclude>
    <ClInclude Include="auth.hpp" />
    <ClInclude Include="bytes.h" />
  </ItemGroup>
  <ItemGroup>
    <Library Include="libcurl.lib">
      <Filter>curl</Filter>
    </Library>
    <Library Include="freetype.lib">
      <Filter>freetype</Filter>
    </Library>
    <Library Include="library_x64.lib" />
  </ItemGroup>
</Project>